
Microsoft Visual Studio Solution File, Format Version 12.00
# Visual Studio 15
VisualStudioVersion = 15.0.28307.705
MinimumVisualStudioVersion = 10.0.40219.1
Project("{9A19103F-16F7-4668-BE54-9A1E7A4F7556}") = "TestLoymax", "TestLoymax\TestLoymax.csproj", "{8E6ADA6F-CD41-43A3-B973-F56C94C42967}"
EndProject
Global
	GlobalSection(SolutionConfigurationPlatforms) = preSolution
		Debug|Any CPU = Debug|Any CPU
		Release|Any CPU = Release|Any CPU
	EndGlobalSection
	GlobalSection(ProjectConfigurationPlatforms) = postSolution
		{8E6ADA6F-CD41-43A3-B973-F56C94C42967}.Debug|Any CPU.ActiveCfg = Debug|Any CPU
		{8E6ADA6F-CD41-43A3-B973-F56C94C42967}.Debug|Any CPU.Build.0 = Debug|Any CPU
		{8E6ADA6F-CD41-43A3-B973-F56C94C42967}.Release|Any CPU.ActiveCfg = Release|Any CPU
		{8E6ADA6F-CD41-43A3-B973-F56C94C42967}.Release|Any CPU.Build.0 = Release|Any CPU
	EndGlobalSection
	GlobalSection(SolutionProperties) = preSolution
		HideSolutionNode = FALSE
	EndGlobalSection
	GlobalSection(ExtensibilityGlobals) = postSolution
		SolutionGuid = {69956C51-58E8-49DF-8479-22ACA46709C8}
	EndGlobalSection
EndGlobal
